
Microsoft Visual Studio Solution File, Format Version 12.00
# Visual Studio 15
Project("{FAE04EC0-301F-11D3-BF4B-00C04F79EFBC}") = "Assembly-CSharp", "Assembly-CSharp.csproj", "{03622001-BF06-6A71-69DE-5201ADC020CA}"
EndProject
Project("{FAE04EC0-301F-11D3-BF4B-00C04F79EFBC}") = "NavMeshComponents", "NavMeshComponents.csproj", "{0FF64AB1-5D3D-A9E1-113E-B2B12F4DF165}"
EndProject
Project("{FAE04EC0-301F-11D3-BF4B-00C04F79EFBC}") = "NavMeshComponentsEditor", "NavMeshComponentsEditor.csproj", "{D4C94330-9930-883A-6F43-969DBD31590B}"
EndProject
Global
	GlobalSection(SolutionConfigurationPlatforms) = preSolution
		Debug|Any CPU = Debug|Any CPU
		Release|Any CPU = Release|Any CPU
	EndGlobalSection
	GlobalSection(ProjectConfigurationPlatforms) = postSolution
		{03622001-BF06-6A71-69DE-5201ADC020CA}.Debug|Any CPU.ActiveCfg = Debug|Any CPU
		{03622001-BF06-6A71-69DE-5201ADC020CA}.Debug|Any CPU.Build.0 = Debug|Any CPU
		{03622001-BF06-6A71-69DE-5201ADC020CA}.Release|Any CPU.ActiveCfg = Release|Any CPU
		{03622001-BF06-6A71-69DE-5201ADC020CA}.Release|Any CPU.Build.0 = Release|Any CPU
		{0FF64AB1-5D3D-A9E1-113E-B2B12F4DF165}.Debug|Any CPU.ActiveCfg = Debug|Any CPU
		{0FF64AB1-5D3D-A9E1-113E-B2B12F4DF165}.Debug|Any CPU.Build.0 = Debug|Any CPU
		{0FF64AB1-5D3D-A9E1-113E-B2B12F4DF165}.Release|Any CPU.ActiveCfg = Release|Any CPU
		{0FF64AB1-5D3D-A9E1-113E-B2B12F4DF165}.Release|Any CPU.Build.0 = Release|Any CPU
		{D4C94330-9930-883A-6F43-969DBD31590B}.Debug|Any CPU.ActiveCfg = Debug|Any CPU
		{D4C94330-9930-883A-6F43-969DBD31590B}.Debug|Any CPU.Build.0 = Debug|Any CPU
		{D4C94330-9930-883A-6F43-969DBD31590B}.Release|Any CPU.ActiveCfg = Release|Any CPU
		{D4C94330-9930-883A-6F43-969DBD31590B}.Release|Any CPU.Build.0 = Release|Any CPU
	EndGlobalSection
	GlobalSection(SolutionProperties) = preSolution
		HideSolutionNode = FALSE
	EndGlobalSection
EndGlobal
