
Microsoft Visual Studio Solution File, Format Version 12.00
# Visual Studio 15
Project("{FAE04EC0-301F-11D3-BF4B-00C04F79EFBC}") = "NavMeshComponents", "NavMeshComponents.csproj", "{032249FD-58E4-CAE3-F823-BD2D486BCA59}"
EndProject
Project("{FAE04EC0-301F-11D3-BF4B-00C04F79EFBC}") = "Assembly-CSharp", "Assembly-CSharp.csproj", "{059103C7-1290-8613-2CBC-6F4625BA9D8C}"
EndProject
Project("{FAE04EC0-301F-11D3-BF4B-00C04F79EFBC}") = "NavMeshComponentsEditor", "NavMeshComponentsEditor.csproj", "{72E4076D-6950-4102-95B1-D4237E1E5ED8}"
EndProject
Global
	GlobalSection(SolutionConfigurationPlatforms) = preSolution
		Debug|Any CPU = Debug|Any CPU
		Release|Any CPU = Release|Any CPU
	EndGlobalSection
	GlobalSection(ProjectConfigurationPlatforms) = postSolution
		{032249FD-58E4-CAE3-F823-BD2D486BCA59}.Debug|Any CPU.ActiveCfg = Debug|Any CPU
		{032249FD-58E4-CAE3-F823-BD2D486BCA59}.Debug|Any CPU.Build.0 = Debug|Any CPU
		{032249FD-58E4-CAE3-F823-BD2D486BCA59}.Release|Any CPU.ActiveCfg = Release|Any CPU
		{032249FD-58E4-CAE3-F823-BD2D486BCA59}.Release|Any CPU.Build.0 = Release|Any CPU
		{059103C7-1290-8613-2CBC-6F4625BA9D8C}.Debug|Any CPU.ActiveCfg = Debug|Any CPU
		{059103C7-1290-8613-2CBC-6F4625BA9D8C}.Debug|Any CPU.Build.0 = Debug|Any CPU
		{059103C7-1290-8613-2CBC-6F4625BA9D8C}.Release|Any CPU.ActiveCfg = Release|Any CPU
		{059103C7-1290-8613-2CBC-6F4625BA9D8C}.Release|Any CPU.Build.0 = Release|Any CPU
		{72E4076D-6950-4102-95B1-D4237E1E5ED8}.Debug|Any CPU.ActiveCfg = Debug|Any CPU
		{72E4076D-6950-4102-95B1-D4237E1E5ED8}.Debug|Any CPU.Build.0 = Debug|Any CPU
		{72E4076D-6950-4102-95B1-D4237E1E5ED8}.Release|Any CPU.ActiveCfg = Release|Any CPU
		{72E4076D-6950-4102-95B1-D4237E1E5ED8}.Release|Any CPU.Build.0 = Release|Any CPU
	EndGlobalSection
	GlobalSection(SolutionProperties) = preSolution
		HideSolutionNode = FALSE
	EndGlobalSection
EndGlobal
